// !$*UTF8*$!
{
	archiveVersion = 1;
	classes = {
	};
	objectVersion = 46;
	objects = {

/* Begin PBXBuildFile section */
		1606FFA01D9D62F30083646A /* AppDelegate.swift in Sources */ = {isa = PBXBuildFile; fileRef = 1606FF9F1D9D62F30083646A /* AppDelegate.swift */; };
		1606FFA21D9D62F30083646A /* ViewController.swift in Sources */ = {isa = PBXBuildFile; fileRef = 1606FFA11D9D62F30083646A /* ViewController.swift */; };
		1606FFA51D9D62F30083646A /* Main.storyboard in Resources */ = {isa = PBXBuildFile; fileRef = 1606FFA31D9D62F30083646A /* Main.storyboard */; };
		1606FFA81D9D62F30083646A /* snapchat.xcdatamodeld in Sources */ = {isa = PBXBuildFile; fileRef = 1606FFA61D9D62F30083646A /* snapchat.xcdatamodeld */; };
		1606FFAA1D9D62F30083646A /* Assets.xcassets in Resources */ = {isa = PBXBuildFile; fileRef = 1606FFA91D9D62F30083646A /* Assets.xcassets */; };
		1606FFAD1D9D62F30083646A /* LaunchScreen.storyboard in Resources */ = {isa = PBXBuildFile; fileRef = 1606FFAB1D9D62F30083646A /* LaunchScreen.storyboard */; };
		1606FFB81D9D62F30083646A /* snapchatTests.swift in Sources */ = {isa = PBXBuildFile; fileRef = 1606FFB71D9D62F30083646A /* snapchatTests.swift */; };
		1606FFC31D9D62F30083646A /* snapchatUITests.swift in Sources */ = {isa = PBXBuildFile; fileRef = 1606FFC21D9D62F30083646A /* snapchatUITests.swift */; };
/* End PBXBuildFile section */

/* Begin PBXContainerItemProxy section */
		1606FFB41D9D62F30083646A /* PBXContainerItemProxy */ = {
			isa = PBXContainerItemProxy;
			containerPortal = 1606FF941D9D62F20083646A /* Project object */;
			proxyType = 1;
			remoteGlobalIDString = 1606FF9B1D9D62F20083646A;
			remoteInfo = snapchat;
		};
		1606FFBF1D9D62F30083646A /* PBXContainerItemProxy */ = {
			isa = PBXContainerItemProxy;
			containerPortal = 1606FF941D9D62F20083646A /* Project object */;
			proxyType = 1;
			remoteGlobalIDString = 1606FF9B1D9D62F20083646A;
			remoteInfo = snapchat;
		};
/* End PBXContainerItemProxy section */

/* Begin PBXFileReference section */
		1606FF9C1D9D62F20083646A /* snapchat.app */ = {isa = PBXFileReference; explicitFileType = wrapper.application; includeInIndex = 0; path = snapchat.app; sourceTree = BUILT_PRODUCTS_DIR; };
		1606FF9F1D9D62F30083646A /* AppDelegate.swift */ = {isa = PBXFileReference; lastKnownFileType = sourcecode.swift; path = AppDelegate.swift; sourceTree = "<group>"; };
		1606FFA11D9D62F30083646A /* ViewController.swift */ = {isa = PBXFileReference; lastKnownFileType = sourcecode.swift; path = ViewController.swift; sourceTree = "<group>"; };
		1606FFA41D9D62F30083646A /* Base */ = {isa = PBXFileReference; lastKnownFileType = file.storyboard; name = Base; path = Base.lproj/Main.storyboard; sourceTree = "<group>"; };
		1606FFA71D9D62F30083646A /* snapchat.xcdatamodel */ = {isa = PBXFileReference; lastKnownFileType = wrapper.xcdatamodel; path = snapchat.xcdatamodel; sourceTree = "<group>"; };
		1606FFA91D9D62F30083646A /* Assets.xcassets */ = {isa = PBXFileReference; lastKnownFileType = folder.assetcatalog; path = Assets.xcassets; sourceTree = "<group>"; };
		1606FFAC1D9D62F30083646A /* Base */ = {isa = PBXFileReference; lastKnownFileType = file.storyboard; name = Base; path = Base.lproj/LaunchScreen.storyboard; sourceTree = "<group>"; };
		1606FFAE1D9D62F30083646A /* Info.plist */ = {isa = PBXFileReference; lastKnownFileType = text.plist.xml; path = Info.plist; sourceTree = "<group>"; };
		1606FFB31D9D62F30083646A /* snapchatTests.xctest */ = {isa = PBXFileReference; explicitFileType = wrapper.cfbundle; includeInIndex = 0; path = snapchatTests.xctest; sourceTree = BUILT_PRODUCTS_DIR; };
		1606FFB71D9D62F30083646A /* snapchatTests.swift */ = {isa = PBXFileReference; lastKnownFileType = sourcecode.swift; path = snapchatTests.swift; sourceTree = "<group>"; };
		1606FFB91D9D62F30083646A /* Info.plist */ = {isa = PBXFileReference; lastKnownFileType = text.plist.xml; path = Info.plist; sourceTree = "<group>"; };
		1606FFBE1D9D62F30083646A /* snapchatUITests.xctest */ = {isa = PBXFileReference; explicitFileType = wrapper.cfbundle; includeInIndex = 0; path = snapchatUITests.xctest; sourceTree = BUILT_PRODUCTS_DIR; };
		1606FFC21D9D62F30083646A /* snapchatUITests.swift */ = {isa = PBXFileReference; lastKnownFileType = sourcecode.swift; path = snapchatUITests.swift; sourceTree = "<group>"; };
		1606FFC41D9D62F30083646A /* Info.plist */ = {isa = PBXFileReference; lastKnownFileType = text.plist.xml; path = Info.plist; sourceTree = "<group>"; };
/* End PBXFileReference section */

/* Begin PBXFrameworksBuildPhase section */
		1606FF991D9D62F20083646A /* Frameworks */ = {
			isa = PBXFrameworksBuildPhase;
			buildActionMask = 2147483647;
			files = (
			);
			runOnlyForDeploymentPostprocessing = 0;
		};
		1606FFB01D9D62F30083646A /* Frameworks */ = {
			isa = PBXFrameworksBuildPhase;
			buildActionMask = 2147483647;
			files = (
			);
			runOnlyForDeploymentPostprocessing = 0;
		};
		1606FFBB1D9D62F30083646A /* Frameworks */ = {
			isa = PBXFrameworksBuildPhase;
			buildActionMask = 2147483647;
			files = (
			);
			runOnlyForDeploymentPostprocessing = 0;
		};
/* End PBXFrameworksBuildPhase section */

/* Begin PBXGroup section */
		1606FF931D9D62F20083646A = {
			isa = PBXGroup;
			children = (
				1606FF9E1D9D62F30083646A /* snapchat */,
				1606FFB61D9D62F30083646A /* snapchatTests */,
				1606FFC11D9D62F30083646A /* snapchatUITests */,
				1606FF9D1D9D62F20083646A /* Products */,
			);
			sourceTree = "<group>";
		};
		1606FF9D1D9D62F20083646A /* Products */ = {
			isa = PBXGroup;
			children = (
				1606FF9C1D9D62F20083646A /* snapchat.app */,
				1606FFB31D9D62F30083646A /* snapchatTests.xctest */,
				1606FFBE1D9D62F30083646A /* snapchatUITests.xctest */,
			);
			name = Products;
			sourceTree = "<group>";
		};
		1606FF9E1D9D62F30083646A /* snapchat */ = {
			isa = PBXGroup;
			children = (
				1606FF9F1D9D62F30083646A /* AppDelegate.swift */,
				1606FFA11D9D62F30083646A /* ViewController.swift */,
				1606FFA31D9D62F30083646A /* Main.storyboard */,
				1606FFA91D9D62F30083646A /* Assets.xcassets */,
				1606FFAB1D9D62F30083646A /* LaunchScreen.storyboard */,
				1606FFAE1D9D62F30083646A /* Info.plist */,
				1606FFA61D9D62F30083646A /* snapchat.xcdatamodeld */,
			);
			path = snapchat;
			sourceTree = "<group>";
		};
		1606FFB61D9D62F30083646A /* snapchatTests */ = {
			isa = PBXGroup;
			children = (
				1606FFB71D9D62F30083646A /* snapchatTests.swift */,
				1606FFB91D9D62F30083646A /* Info.plist */,
			);
			path = snapchatTests;
			sourceTree = "<group>";
		};
		1606FFC11D9D62F30083646A /* snapchatUITests */ = {
			isa = PBXGroup;
			children = (
				1606FFC21D9D62F30083646A /* snapchatUITests.swift */,
				1606FFC41D9D62F30083646A /* Info.plist */,
			);
			path = snapchatUITests;
			sourceTree = "<group>";
		};
/* End PBXGroup section */

/* Begin PBXNativeTarget section */
		1606FF9B1D9D62F20083646A /* snapchat */ = {
			isa = PBXNativeTarget;
			buildConfigurationList = 1606FFC71D9D62F30083646A /* Build configuration list for PBXNativeTarget "snapchat" */;
			buildPhases = (
				1606FF981D9D62F20083646A /* Sources */,
				1606FF991D9D62F20083646A /* Frameworks */,
				1606FF9A1D9D62F20083646A /* Resources */,
			);
			buildRules = (
			);
			dependencies = (
			);
			name = snapchat;
			productName = snapchat;
			productReference = 1606FF9C1D9D62F20083646A /* snapchat.app */;
			productType = "com.apple.product-type.application";
		};
		1606FFB21D9D62F30083646A /* snapchatTests */ = {
			isa = PBXNativeTarget;
			buildConfigurationList = 1606FFCA1D9D62F30083646A /* Build configuration list for PBXNativeTarget "snapchatTests" */;
			buildPhases = (
				1606FFAF1D9D62F30083646A /* Sources */,
				1606FFB01D9D62F30083646A /* Frameworks */,
				1606FFB11D9D62F30083646A /* Resources */,
			);
			buildRules = (
			);
			dependencies = (
				1606FFB51D9D62F30083646A /* PBXTargetDependency */,
			);
			name = snapchatTests;
			productName = snapchatTests;
			productReference = 1606FFB31D9D62F30083646A /* snapchatTests.xctest */;
			productType = "com.apple.product-type.bundle.unit-test";
		};
		1606FFBD1D9D62F30083646A /* snapchatUITests */ = {
			isa = PBXNativeTarget;
			buildConfigurationList = 1606FFCD1D9D62F30083646A /* Build configuration list for PBXNativeTarget "snapchatUITests" */;
			buildPhases = (
				1606FFBA1D9D62F30083646A /* Sources */,
				1606FFBB1D9D62F30083646A /* Frameworks */,
				1606FFBC1D9D62F30083646A /* Resources */,
			);
			buildRules = (
			);
			dependencies = (
				1606FFC01D9D62F30083646A /* PBXTargetDependency */,
			);
			name = snapchatUITests;
			productName = snapchatUITests;
			productReference = 1606FFBE1D9D62F30083646A /* snapchatUITests.xctest */;
			productType = "com.apple.product-type.bundle.ui-testing";
		};
/* End PBXNativeTarget section */

/* Begin PBXProject section */
		1606FF941D9D62F20083646A /* Project object */ = {
			isa = PBXProject;
			attributes = {
				LastSwiftUpdateCheck = 0730;
				LastUpgradeCheck = 0730;
				ORGANIZATIONNAME = React;
				TargetAttributes = {
					1606FF9B1D9D62F20083646A = {
						CreatedOnToolsVersion = 7.3.1;
						DevelopmentTeam = ADVQHQYRE2;
					};
					1606FFB21D9D62F30083646A = {
						CreatedOnToolsVersion = 7.3.1;
						DevelopmentTeam = ADVQHQYRE2;
						TestTargetID = 1606FF9B1D9D62F20083646A;
					};
					1606FFBD1D9D62F30083646A = {
						CreatedOnToolsVersion = 7.3.1;
						DevelopmentTeam = ADVQHQYRE2;
						TestTargetID = 1606FF9B1D9D62F20083646A;
					};
				};
			};
			buildConfigurationList = 1606FF971D9D62F20083646A /* Build configuration list for PBXProject "snapchat" */;
			compatibilityVersion = "Xcode 3.2";
			developmentRegion = English;
			hasScannedForEncodings = 0;
			knownRegions = (
				en,
				Base,
			);
			mainGroup = 1606FF931D9D62F20083646A;
			productRefGroup = 1606FF9D1D9D62F20083646A /* Products */;
			projectDirPath = "";
			projectRoot = "";
			targets = (
				1606FF9B1D9D62F20083646A /* snapchat */,
				1606FFB21D9D62F30083646A /* snapchatTests */,
				1606FFBD1D9D62F30083646A /* snapchatUITests */,
			);
		};
/* End PBXProject section */

/* Begin PBXResourcesBuildPhase section */
		1606FF9A1D9D62F20083646A /* Resources */ = {
			isa = PBXResourcesBuildPhase;
			buildActionMask = 2147483647;
			files = (
				1606FFAD1D9D62F30083646A /* LaunchScreen.storyboard in Resources */,
				1606FFAA1D9D62F30083646A /* Assets.xcassets in Resources */,
				1606FFA51D9D62F30083646A /* Main.storyboard in Resources */,
			);
			runOnlyForDeploymentPostprocessing = 0;
		};
		1606FFB11D9D62F30083646A /* Resources */ = {
			isa = PBXResourcesBuildPhase;
			buildActionMask = 2147483647;
			files = (
			);
			runOnlyForDeploymentPostprocessing = 0;
		};
		1606FFBC1D9D62F30083646A /* Resources */ = {
			isa = PBXResourcesBuildPhase;
			buildActionMask = 2147483647;
			files = (
			);
			runOnlyForDeploymentPostprocessing = 0;
		};
/* End PBXResourcesBuildPhase section */

/* Begin PBXSourcesBuildPhase section */
		1606FF981D9D62F20083646A /* Sources */ = {
			isa = PBXSourcesBuildPhase;
			buildActionMask = 2147483647;
			files = (
				1606FFA81D9D62F30083646A /* snapchat.xcdatamodeld in Sources */,
				1606FFA21D9D62F30083646A /* ViewController.swift in Sources */,
				1606FFA01D9D62F30083646A /* AppDelegate.swift in Sources */,
			);
			runOnlyForDeploymentPostprocessing = 0;
		};
		1606FFAF1D9D62F30083646A /* Sources */ = {
			isa = PBXSourcesBuildPhase;
			buildActionMask = 2147483647;
			files = (
				1606FFB81D9D62F30083646A /* snapchatTests.swift in Sources */,
			);
			runOnlyForDeploymentPostprocessing = 0;
		};
		1606FFBA1D9D62F30083646A /* Sources */ = {
			isa = PBXSourcesBuildPhase;
			buildActionMask = 2147483647;
			files = (
				1606FFC31D9D62F30083646A /* snapchatUITests.swift in Sources */,
			);
			runOnlyForDeploymentPostprocessing = 0;
		};
/* End PBXSourcesBuildPhase section */

/* Begin PBXTargetDependency section */
		1606FFB51D9D62F30083646A /* PBXTargetDependency */ = {
			isa = PBXTargetDependency;
			target = 1606FF9B1D9D62F20083646A /* snapchat */;
			targetProxy = 1606FFB41D9D62F30083646A /* PBXContainerItemProxy */;
		};
		1606FFC01D9D62F30083646A /* PBXTargetDependency */ = {
			isa = PBXTargetDependency;
			target = 1606FF9B1D9D62F20083646A /* snapchat */;
			targetProxy = 1606FFBF1D9D62F30083646A /* PBXContainerItemProxy */;
		};
/* End PBXTargetDependency section */

/* Begin PBXVariantGroup section */
		1606FFA31D9D62F30083646A /* Main.storyboard */ = {
			isa = PBXVariantGroup;
			children = (
				1606FFA41D9D62F30083646A /* Base */,
			);
			name = Main.storyboard;
			sourceTree = "<group>";
		};
		1606FFAB1D9D62F30083646A /* LaunchScreen.storyboard */ = {
			isa = PBXVariantGroup;
			children = (
				1606FFAC1D9D62F30083646A /* Base */,
			);
			name = LaunchScreen.storyboard;
			sourceTree = "<group>";
		};
/* End PBXVariantGroup section */

/* Begin XCBuildConfiguration section */
		1606FFC51D9D62F30083646A /* Debug */ = {
			isa = XCBuildConfiguration;
			buildSettings = {
				ALWAYS_SEARCH_USER_PATHS = NO;
				CLANG_ANALYZER_NONNULL = YES;
				CLANG_CXX_LANGUAGE_STANDARD = "gnu++0x";
				CLANG_CXX_LIBRARY = "libc++";
				CLANG_ENABLE_MODULES = YES;
				CLANG_ENABLE_OBJC_ARC = YES;
				CLANG_WARN_BOOL_CONVERSION = YES;
				CLANG_WARN_CONSTANT_CONVERSION = YES;
				CLANG_WARN_DIRECT_OBJC_ISA_USAGE = YES_ERROR;
				CLANG_WARN_EMPTY_BODY = YES;
				CLANG_WARN_ENUM_CONVERSION = YES;
				CLANG_WARN_INT_CONVERSION = YES;
				CLANG_WARN_OBJC_ROOT_CLASS = YES_ERROR;
				CLANG_WARN_UNREACHABLE_CODE = YES;
				CLANG_WARN__DUPLICATE_METHOD_MATCH = YES;
				"CODE_SIGN_IDENTITY[sdk=iphoneos*]" = "iPhone Developer";
				COPY_PHASE_STRIP = NO;
				DEBUG_INFORMATION_FORMAT = dwarf;
				ENABLE_STRICT_OBJC_MSGSEND = YES;
				ENABLE_TESTABILITY = YES;
				GCC_C_LANGUAGE_STANDARD = gnu99;
				GCC_DYNAMIC_NO_PIC = NO;
				GCC_NO_COMMON_BLOCKS = YES;
				GCC_OPTIMIZATION_LEVEL = 0;
				GCC_PREPROCESSOR_DEFINITIONS = (
					"DEBUG=1",
					"$(inherited)",
				);
				GCC_WARN_64_TO_32_BIT_CONVERSION = YES;
				GCC_WARN_ABOUT_RETURN_TYPE = YES_ERROR;
				GCC_WARN_UNDECLARED_SELECTOR = YES;
				GCC_WARN_UNINITIALIZED_AUTOS = YES_AGGRESSIVE;
				GCC_WARN_UNUSED_FUNCTION = YES;
				GCC_WARN_UNUSED_VARIABLE = YES;
				IPHONEOS_DEPLOYMENT_TARGET = 9.3;
				MTL_ENABLE_DEBUG_INFO = YES;
				ONLY_ACTIVE_ARCH = YES;
				SDKROOT = iphoneos;
				SWIFT_OPTIMIZATION_LEVEL = "-Onone";
				TARGETED_DEVICE_FAMILY = "1,2";
			};
			name = Debug;
		};
		1606FFC61D9D62F30083646A /* Release */ = {
			isa = XCBuildConfiguration;
			buildSettings = {
				ALWAYS_SEARCH_USER_PATHS = NO;
				CLANG_ANALYZER_NONNULL = YES;
				CLANG_CXX_LANGUAGE_STANDARD = "gnu++0x";
				CLANG_CXX_LIBRARY = "libc++";
				CLANG_ENABLE_MODULES = YES;
				CLANG_ENABLE_OBJC_ARC = YES;
				CLANG_WARN_BOOL_CONVERSION = YES;
				CLANG_WARN_CONSTANT_CONVERSION = YES;
				CLANG_WARN_DIRECT_OBJC_ISA_USAGE = YES_ERROR;
				CLANG_WARN_EMPTY_BODY = YES;
				CLANG_WARN_ENUM_CONVERSION = YES;
				CLANG_WARN_INT_CONVERSION = YES;
				CLANG_WARN_OBJC_ROOT_CLASS = YES_ERROR;
				CLANG_WARN_UNREACHABLE_CODE = YES;
				CLANG_WARN__DUPLICATE_METHOD_MATCH = YES;
				"CODE_SIGN_IDENTITY[sdk=iphoneos*]" = "iPhone Developer";
				COPY_PHASE_STRIP = NO;
				DEBUG_INFORMATION_FORMAT = "dwarf-with-dsym";
				ENABLE_NS_ASSERTIONS = NO;
				ENABLE_STRICT_OBJC_MSGSEND = YES;
				GCC_C_LANGUAGE_STANDARD = gnu99;
				GCC_NO_COMMON_BLOCKS = YES;
				GCC_WARN_64_TO_32_BIT_CONVERSION = YES;
				GCC_WARN_ABOUT_RETURN_TYPE = YES_ERROR;
				GCC_WARN_UNDECLARED_SELECTOR = YES;
				GCC_WARN_UNINITIALIZED_AUTOS = YES_AGGRESSIVE;
				GCC_WARN_UNUSED_FUNCTION = YES;
				GCC_WARN_UNUSED_VARIABLE = YES;
				IPHONEOS_DEPLOYMENT_TARGET = 9.3;
				MTL_ENABLE_DEBUG_INFO = NO;
				SDKROOT = iphoneos;
				TARGETED_DEVICE_FAMILY = "1,2";
				VALIDATE_PRODUCT = YES;
			};
			name = Release;
		};
		1606FFC81D9D62F30083646A /* Debug */ = {
			isa = XCBuildConfiguration;
			buildSettings = {
				ASSETCATALOG_COMPILER_APPICON_NAME = AppIcon;
				INFOPLIST_FILE = snapchat/Info.plist;
				LD_RUNPATH_SEARCH_PATHS = "$(inherited) @executable_path/Frameworks";
				PRODUCT_BUNDLE_IDENTIFIER = com.React.snapchat;
				PRODUCT_NAME = "$(TARGET_NAME)";
			};
			name = Debug;
		};
		1606FFC91D9D62F30083646A /* Release */ = {
			isa = XCBuildConfiguration;
			buildSettings = {
				ASSETCATALOG_COMPILER_APPICON_NAME = AppIcon;
				INFOPLIST_FILE = snapchat/Info.plist;
				LD_RUNPATH_SEARCH_PATHS = "$(inherited) @executable_path/Frameworks";
				PRODUCT_BUNDLE_IDENTIFIER = com.React.snapchat;
				PRODUCT_NAME = "$(TARGET_NAME)";
			};
			name = Release;
		};
		1606FFCB1D9D62F30083646A /* Debug */ = {
			isa = XCBuildConfiguration;
			buildSettings = {
				BUNDLE_LOADER = "$(TEST_HOST)";
				INFOPLIST_FILE = snapchatTests/Info.plist;
				LD_RUNPATH_SEARCH_PATHS = "$(inherited) @executable_path/Frameworks @loader_path/Frameworks";
				PRODUCT_BUNDLE_IDENTIFIER = com.React.snapchatTests;
				PRODUCT_NAME = "$(TARGET_NAME)";
				TEST_HOST = "$(BUILT_PRODUCTS_DIR)/snapchat.app/snapchat";
			};
			name = Debug;
		};
		1606FFCC1D9D62F30083646A /* Release */ = {
			isa = XCBuildConfiguration;
			buildSettings = {
				BUNDLE_LOADER = "$(TEST_HOST)";
				INFOPLIST_FILE = snapchatTests/Info.plist;
				LD_RUNPATH_SEARCH_PATHS = "$(inherited) @executable_path/Frameworks @loader_path/Frameworks";
				PRODUCT_BUNDLE_IDENTIFIER = com.React.snapchatTests;
				PRODUCT_NAME = "$(TARGET_NAME)";
				TEST_HOST = "$(BUILT_PRODUCTS_DIR)/snapchat.app/snapchat";
			};
			name = Release;
		};
		1606FFCE1D9D62F30083646A /* Debug */ = {
			isa = XCBuildConfiguration;
			buildSettings = {
				INFOPLIST_FILE = snapchatUITests/Info.plist;
				LD_RUNPATH_SEARCH_PATHS = "$(inherited) @executable_path/Frameworks @loader_path/Frameworks";
				PRODUCT_BUNDLE_IDENTIFIER = com.React.snapchatUITests;
				PRODUCT_NAME = "$(TARGET_NAME)";
				TEST_TARGET_NAME = snapchat;
			};
			name = Debug;
		};
		1606FFCF1D9D62F30083646A /* Release */ = {
			isa = XCBuildConfiguration;
			buildSettings = {
				INFOPLIST_FILE = snapchatUITests/Info.plist;
				LD_RUNPATH_SEARCH_PATHS = "$(inherited) @executable_path/Frameworks @loader_path/Frameworks";
				PRODUCT_BUNDLE_IDENTIFIER = com.React.snapchatUITests;
				PRODUCT_NAME = "$(TARGET_NAME)";
				TEST_TARGET_NAME = snapchat;
			};
			name = Release;
		};
/* End XCBuildConfiguration section */

/* Begin XCConfigurationList section */
		1606FF971D9D62F20083646A /* Build configuration list for PBXProject "snapchat" */ = {
			isa = XCConfigurationList;
			buildConfigurations = (
				1606FFC51D9D62F30083646A /* Debug */,
				1606FFC61D9D62F30083646A /* Release */,
			);
			defaultConfigurationIsVisible = 0;
			defaultConfigurationName = Release;
		};
		1606FFC71D9D62F30083646A /* Build configuration list for PBXNativeTarget "snapchat" */ = {
			isa = XCConfigurationList;
			buildConfigurations = (
				1606FFC81D9D62F30083646A /* Debug */,
				1606FFC91D9D62F30083646A /* Release */,
			);
			defaultConfigurationIsVisible = 0;
		};
		1606FFCA1D9D62F30083646A /* Build configuration list for PBXNativeTarget "snapchatTests" */ = {
			isa = XCConfigurationList;
			buildConfigurations = (
				1606FFCB1D9D62F30083646A /* Debug */,
				1606FFCC1D9D62F30083646A /* Release */,
			);
			defaultConfigurationIsVisible = 0;
		};
		1606FFCD1D9D62F30083646A /* Build configuration list for PBXNativeTarget "snapchatUITests" */ = {
			isa = XCConfigurationList;
			buildConfigurations = (
				1606FFCE1D9D62F30083646A /* Debug */,
				1606FFCF1D9D62F30083646A /* Release */,
			);
			defaultConfigurationIsVisible = 0;
		};
/* End XCConfigurationList section */

/* Begin XCVersionGroup section */
		1606FFA61D9D62F30083646A /* snapchat.xcdatamodeld */ = {
			isa = XCVersionGroup;
			children = (
				1606FFA71D9D62F30083646A /* snapchat.xcdatamodel */,
			);
			currentVersion = 1606FFA71D9D62F30083646A /* snapchat.xcdatamodel */;
			path = snapchat.xcdatamodeld;
			sourceTree = "<group>";
			versionGroupType = wrapper.xcdatamodel;
		};
/* End XCVersionGroup section */
	};
	rootObject = 1606FF941D9D62F20083646A /* Project object */;
}
